
Microsoft Visual Studio Solution File, Format Version 12.00
# Visual Studio Version 16
VisualStudioVersion = 16.0.29306.81
MinimumVisualStudioVersion = 10.0.40219.1
Project("{F184B08F-C81C-45F6-A57F-5ABD9991F28F}") = "Checkm8 Installer", "Checkm8 Installer\Checkm8 Installer.vbproj", "{7C21F8C8-5A1B-4582-8BA9-C5CB87A310CA}"
EndProject
Global
	GlobalSection(SolutionConfigurationPlatforms) = preSolution
		Debug|Any CPU = Debug|Any CPU
		Release|Any CPU = Release|Any CPU
	EndGlobalSection
	GlobalSection(ProjectConfigurationPlatforms) = postSolution
		{7C21F8C8-5A1B-4582-8BA9-C5CB87A310CA}.Debug|Any CPU.ActiveCfg = Debug|Any CPU
		{7C21F8C8-5A1B-4582-8BA9-C5CB87A310CA}.Debug|Any CPU.Build.0 = Debug|Any CPU
		{7C21F8C8-5A1B-4582-8BA9-C5CB87A310CA}.Release|Any CPU.ActiveCfg = Release|Any CPU
		{7C21F8C8-5A1B-4582-8BA9-C5CB87A310CA}.Release|Any CPU.Build.0 = Release|Any CPU
	EndGlobalSection
	GlobalSection(SolutionProperties) = preSolution
		HideSolutionNode = FALSE
	EndGlobalSection
	GlobalSection(ExtensibilityGlobals) = postSolution
		SolutionGuid = {DBA21AF8-9B83-4714-9667-F107F4934BE9}
	EndGlobalSection
EndGlobal
